
Microsoft Visual Studio Solution File, Format Version 12.00
# Visual Studio Version 17
VisualStudioVersion = 17.6.33723.286
MinimumVisualStudioVersion = 10.0.40219.1
Project("{E24C65DC-7377-472B-9ABA-BC803B73C61A}") = "WebSite1asp", "WebSite1asp\", "{D9CDA774-59B8-4DDD-93BE-E0E949952D8B}"
	ProjectSection(WebsiteProperties) = preProject
		TargetFrameworkMoniker = ".NETFramework,Version%3Dv4.7.2"
		Debug.AspNetCompiler.VirtualPath = "/localhost_60461"
		Debug.AspNetCompiler.PhysicalPath = "WebSite1asp\"
		Debug.AspNetCompiler.TargetPath = "PrecompiledWeb\localhost_60461\"
		Debug.AspNetCompiler.Updateable = "true"
		Debug.AspNetCompiler.ForceOverwrite = "true"
		Debug.AspNetCompiler.FixedNames = "false"
		Debug.AspNetCompiler.Debug = "True"
		Release.AspNetCompiler.VirtualPath = "/localhost_60461"
		Release.AspNetCompiler.PhysicalPath = "WebSite1asp\"
		Release.AspNetCompiler.TargetPath = "PrecompiledWeb\localhost_60461\"
		Release.AspNetCompiler.Updateable = "true"
		Release.AspNetCompiler.ForceOverwrite = "true"
		Release.AspNetCompiler.FixedNames = "false"
		Release.AspNetCompiler.Debug = "False"
		VWDPort = "60461"
		SlnRelativePath = "WebSite1asp\"
		DefaultWebSiteLanguage = "Visual C#"
	EndProjectSection
EndProject
Global
	GlobalSection(SolutionConfigurationPlatforms) = preSolution
		Debug|Any CPU = Debug|Any CPU
	EndGlobalSection
	GlobalSection(ProjectConfigurationPlatforms) = postSolution
		{D9CDA774-59B8-4DDD-93BE-E0E949952D8B}.Debug|Any CPU.ActiveCfg = Debug|Any CPU
		{D9CDA774-59B8-4DDD-93BE-E0E949952D8B}.Debug|Any CPU.Build.0 = Debug|Any CPU
	EndGlobalSection
	GlobalSection(SolutionProperties) = preSolution
		HideSolutionNode = FALSE
	EndGlobalSection
	GlobalSection(ExtensibilityGlobals) = postSolution
		SolutionGuid = {174FFFF0-C605-4B67-B116-2F59CCDEC6B1}
	EndGlobalSection
EndGlobal
